// !$*UTF8*$!
{
	archiveVersion = 1;
	classes = {
	};
	objectVersion = 56;
	objects = {

/* Begin PBXBuildFile section */
		59A307512B7253B700FC9E0A /* Kingfisher in Frameworks */ = {isa = PBXBuildFile; productRef = 59A307502B7253B700FC9E0A /* Kingfisher */; };
		59A307532B72557100FC9E0A /* Double.swift in Sources */ = {isa = PBXBuildFile; fileRef = 59A307522B72557100FC9E0A /* Double.swift */; };
		59D8CA822B68FDE000BF8821 /* CryptoCurrencyAppApp.swift in Sources */ = {isa = PBXBuildFile; fileRef = 59D8CA812B68FDE000BF8821 /* CryptoCurrencyAppApp.swift */; };
		59D8CA842B68FDE000BF8821 /* ContentView.swift in Sources */ = {isa = PBXBuildFile; fileRef = 59D8CA832B68FDE000BF8821 /* ContentView.swift */; };
		59D8CA862B68FDE300BF8821 /* Assets.xcassets in Resources */ = {isa = PBXBuildFile; fileRef = 59D8CA852B68FDE300BF8821 /* Assets.xcassets */; };
		59D8CA892B68FDE300BF8821 /* Preview Assets.xcassets in Resources */ = {isa = PBXBuildFile; fileRef = 59D8CA882B68FDE300BF8821 /* Preview Assets.xcassets */; };
		59D8CA982B6900B900BF8821 /* HomeView.swift in Sources */ = {isa = PBXBuildFile; fileRef = 59D8CA972B6900B900BF8821 /* HomeView.swift */; };
		59D8CA9A2B69039F00BF8821 /* TopMoversView.swift in Sources */ = {isa = PBXBuildFile; fileRef = 59D8CA992B69039F00BF8821 /* TopMoversView.swift */; };
		59D8CA9C2B6903AF00BF8821 /* TopMoversItemView.swift in Sources */ = {isa = PBXBuildFile; fileRef = 59D8CA9B2B6903AF00BF8821 /* TopMoversItemView.swift */; };
		59D8CA9E2B690D7400BF8821 /* AllCoinsView.swift in Sources */ = {isa = PBXBuildFile; fileRef = 59D8CA9D2B690D7400BF8821 /* AllCoinsView.swift */; };
		59D8CAA02B690D8300BF8821 /* CoinRowView.swift in Sources */ = {isa = PBXBuildFile; fileRef = 59D8CA9F2B690D8300BF8821 /* CoinRowView.swift */; };
		59D8CAA22B69169600BF8821 /* HomeViewModel.swift in Sources */ = {isa = PBXBuildFile; fileRef = 59D8CAA12B69169600BF8821 /* HomeViewModel.swift */; };
		59D8CAA52B692B2A00BF8821 /* Coin.swift in Sources */ = {isa = PBXBuildFile; fileRef = 59D8CAA42B692B2A00BF8821 /* Coin.swift */; };
/* End PBXBuildFile section */

/* Begin PBXFileReference section */
		59A307522B72557100FC9E0A /* Double.swift */ = {isa = PBXFileReference; lastKnownFileType = sourcecode.swift; path = Double.swift; sourceTree = "<group>"; };
		59D8CA7E2B68FDE000BF8821 /* CryptoCurrencyApp.app */ = {isa = PBXFileReference; explicitFileType = wrapper.application; includeInIndex = 0; path = CryptoCurrencyApp.app; sourceTree = BUILT_PRODUCTS_DIR; };
		59D8CA812B68FDE000BF8821 /* CryptoCurrencyAppApp.swift */ = {isa = PBXFileReference; lastKnownFileType = sourcecode.swift; path = CryptoCurrencyAppApp.swift; sourceTree = "<group>"; };
		59D8CA832B68FDE000BF8821 /* ContentView.swift */ = {isa = PBXFileReference; lastKnownFileType = sourcecode.swift; path = ContentView.swift; sourceTree = "<group>"; };
		59D8CA852B68FDE300BF8821 /* Assets.xcassets */ = {isa = PBXFileReference; lastKnownFileType = folder.assetcatalog; path = Assets.xcassets; sourceTree = "<group>"; };
		59D8CA882B68FDE300BF8821 /* Preview Assets.xcassets */ = {isa = PBXFileReference; lastKnownFileType = folder.assetcatalog; path = "Preview Assets.xcassets"; sourceTree = "<group>"; };
		59D8CA972B6900B900BF8821 /* HomeView.swift */ = {isa = PBXFileReference; lastKnownFileType = sourcecode.swift; path = HomeView.swift; sourceTree = "<group>"; };
		59D8CA992B69039F00BF8821 /* TopMoversView.swift */ = {isa = PBXFileReference; lastKnownFileType = sourcecode.swift; path = TopMoversView.swift; sourceTree = "<group>"; };
		59D8CA9B2B6903AF00BF8821 /* TopMoversItemView.swift */ = {isa = PBXFileReference; lastKnownFileType = sourcecode.swift; path = TopMoversItemView.swift; sourceTree = "<group>"; };
		59D8CA9D2B690D7400BF8821 /* AllCoinsView.swift */ = {isa = PBXFileReference; lastKnownFileType = sourcecode.swift; path = AllCoinsView.swift; sourceTree = "<group>"; };
		59D8CA9F2B690D8300BF8821 /* CoinRowView.swift */ = {isa = PBXFileReference; lastKnownFileType = sourcecode.swift; path = CoinRowView.swift; sourceTree = "<group>"; };
		59D8CAA12B69169600BF8821 /* HomeViewModel.swift */ = {isa = PBXFileReference; lastKnownFileType = sourcecode.swift; path = HomeViewModel.swift; sourceTree = "<group>"; };
		59D8CAA42B692B2A00BF8821 /* Coin.swift */ = {isa = PBXFileReference; lastKnownFileType = sourcecode.swift; path = Coin.swift; sourceTree = "<group>"; };
/* End PBXFileReference section */

/* Begin PBXFrameworksBuildPhase section */
		59D8CA7B2B68FDE000BF8821 /* Frameworks */ = {
			isa = PBXFrameworksBuildPhase;
			buildActionMask = 2147483647;
			files = (
				59A307512B7253B700FC9E0A /* Kingfisher in Frameworks */,
			);
			runOnlyForDeploymentPostprocessing = 0;
		};
/* End PBXFrameworksBuildPhase section */

/* Begin PBXGroup section */
		59D8CA752B68FDE000BF8821 = {
			isa = PBXGroup;
			children = (
				59D8CA802B68FDE000BF8821 /* CryptoCurrencyApp */,
				59D8CA7F2B68FDE000BF8821 /* Products */,
			);
			sourceTree = "<group>";
		};
		59D8CA7F2B68FDE000BF8821 /* Products */ = {
			isa = PBXGroup;
			children = (
				59D8CA7E2B68FDE000BF8821 /* CryptoCurrencyApp.app */,
			);
			name = Products;
			sourceTree = "<group>";
		};
		59D8CA802B68FDE000BF8821 /* CryptoCurrencyApp */ = {
			isa = PBXGroup;
			children = (
				59D8CA932B68FF5F00BF8821 /* Utils */,
				59D8CA922B68FF5C00BF8821 /* Extentions */,
				59D8CA912B68FF5A00BF8821 /* Models */,
				59D8CA902B68FF5700BF8821 /* Core */,
				59D8CA8F2B68FF5000BF8821 /* App */,
				59D8CA832B68FDE000BF8821 /* ContentView.swift */,
				59D8CA852B68FDE300BF8821 /* Assets.xcassets */,
				59D8CA872B68FDE300BF8821 /* Preview Content */,
			);
			path = CryptoCurrencyApp;
			sourceTree = "<group>";
		};
		59D8CA872B68FDE300BF8821 /* Preview Content */ = {
			isa = PBXGroup;
			children = (
				59D8CA882B68FDE300BF8821 /* Preview Assets.xcassets */,
			);
			path = "Preview Content";
			sourceTree = "<group>";
		};
		59D8CA8F2B68FF5000BF8821 /* App */ = {
			isa = PBXGroup;
			children = (
				59D8CA812B68FDE000BF8821 /* CryptoCurrencyAppApp.swift */,
			);
			path = App;
			sourceTree = "<group>";
		};
		59D8CA902B68FF5700BF8821 /* Core */ = {
			isa = PBXGroup;
			children = (
				59D8CA942B68FFE500BF8821 /* Home */,
			);
			path = Core;
			sourceTree = "<group>";
		};
		59D8CA912B68FF5A00BF8821 /* Models */ = {
			isa = PBXGroup;
			children = (
				59D8CAA42B692B2A00BF8821 /* Coin.swift */,
			);
			path = Models;
			sourceTree = "<group>";
		};
		59D8CA922B68FF5C00BF8821 /* Extentions */ = {
			isa = PBXGroup;
			children = (
				59A307522B72557100FC9E0A /* Double.swift */,
			);
			path = Extentions;
			sourceTree = "<group>";
		};
		59D8CA932B68FF5F00BF8821 /* Utils */ = {
			isa = PBXGroup;
			children = (
			);
			path = Utils;
			sourceTree = "<group>";
		};
		59D8CA942B68FFE500BF8821 /* Home */ = {
			isa = PBXGroup;
			children = (
				59D8CA962B69007E00BF8821 /* Views */,
				59D8CA952B69007A00BF8821 /* ViewModels */,
			);
			path = Home;
			sourceTree = "<group>";
		};
		59D8CA952B69007A00BF8821 /* ViewModels */ = {
			isa = PBXGroup;
			children = (
				59D8CAA12B69169600BF8821 /* HomeViewModel.swift */,
			);
			path = ViewModels;
			sourceTree = "<group>";
		};
		59D8CA962B69007E00BF8821 /* Views */ = {
			isa = PBXGroup;
			children = (
				59D8CA972B6900B900BF8821 /* HomeView.swift */,
				59D8CA992B69039F00BF8821 /* TopMoversView.swift */,
				59D8CA9B2B6903AF00BF8821 /* TopMoversItemView.swift */,
				59D8CA9D2B690D7400BF8821 /* AllCoinsView.swift */,
				59D8CA9F2B690D8300BF8821 /* CoinRowView.swift */,
			);
			path = Views;
			sourceTree = "<group>";
		};
/* End PBXGroup section */

/* Begin PBXNativeTarget section */
		59D8CA7D2B68FDE000BF8821 /* CryptoCurrencyApp */ = {
			isa = PBXNativeTarget;
			buildConfigurationList = 59D8CA8C2B68FDE300BF8821 /* Build configuration list for PBXNativeTarget "CryptoCurrencyApp" */;
			buildPhases = (
				59D8CA7A2B68FDE000BF8821 /* Sources */,
				59D8CA7B2B68FDE000BF8821 /* Frameworks */,
				59D8CA7C2B68FDE000BF8821 /* Resources */,
			);
			buildRules = (
			);
			dependencies = (
			);
			name = CryptoCurrencyApp;
			packageProductDependencies = (
				59A307502B7253B700FC9E0A /* Kingfisher */,
			);
			productName = CryptoCurrencyApp;
			productReference = 59D8CA7E2B68FDE000BF8821 /* CryptoCurrencyApp.app */;
			productType = "com.apple.product-type.application";
		};
/* End PBXNativeTarget section */

/* Begin PBXProject section */
		59D8CA762B68FDE000BF8821 /* Project object */ = {
			isa = PBXProject;
			attributes = {
				BuildIndependentTargetsInParallel = 1;
				LastSwiftUpdateCheck = 1420;
				LastUpgradeCheck = 1420;
				TargetAttributes = {
					59D8CA7D2B68FDE000BF8821 = {
						CreatedOnToolsVersion = 14.2;
					};
				};
			};
			buildConfigurationList = 59D8CA792B68FDE000BF8821 /* Build configuration list for PBXProject "CryptoCurrencyApp" */;
			compatibilityVersion = "Xcode 14.0";
			developmentRegion = en;
			hasScannedForEncodings = 0;
			knownRegions = (
				en,
				Base,
			);
			mainGroup = 59D8CA752B68FDE000BF8821;
			packageReferences = (
				59A3074F2B7253B700FC9E0A /* XCRemoteSwiftPackageReference "Kingfisher" */,
			);
			productRefGroup = 59D8CA7F2B68FDE000BF8821 /* Products */;
			projectDirPath = "";
			projectRoot = "";
			targets = (
				59D8CA7D2B68FDE000BF8821 /* CryptoCurrencyApp */,
			);
		};
/* End PBXProject section */

/* Begin PBXResourcesBuildPhase section */
		59D8CA7C2B68FDE000BF8821 /* Resources */ = {
			isa = PBXResourcesBuildPhase;
			buildActionMask = 2147483647;
			files = (
				59D8CA892B68FDE300BF8821 /* Preview Assets.xcassets in Resources */,
				59D8CA862B68FDE300BF8821 /* Assets.xcassets in Resources */,
			);
			runOnlyForDeploymentPostprocessing = 0;
		};
/* End PBXResourcesBuildPhase section */

/* Begin PBXSourcesBuildPhase section */
		59D8CA7A2B68FDE000BF8821 /* Sources */ = {
			isa = PBXSourcesBuildPhase;
			buildActionMask = 2147483647;
			files = (
				59D8CAA52B692B2A00BF8821 /* Coin.swift in Sources */,
				59D8CA9A2B69039F00BF8821 /* TopMoversView.swift in Sources */,
				59D8CA9E2B690D7400BF8821 /* AllCoinsView.swift in Sources */,
				59D8CA982B6900B900BF8821 /* HomeView.swift in Sources */,
				59D8CAA22B69169600BF8821 /* HomeViewModel.swift in Sources */,
				59D8CA842B68FDE000BF8821 /* ContentView.swift in Sources */,
				59D8CA822B68FDE000BF8821 /* CryptoCurrencyAppApp.swift in Sources */,
				59D8CAA02B690D8300BF8821 /* CoinRowView.swift in Sources */,
				59A307532B72557100FC9E0A /* Double.swift in Sources */,
				59D8CA9C2B6903AF00BF8821 /* TopMoversItemView.swift in Sources */,
			);
			runOnlyForDeploymentPostprocessing = 0;
		};
/* End PBXSourcesBuildPhase section */

/* Begin XCBuildConfiguration section */
		59D8CA8A2B68FDE300BF8821 /* Debug */ = {
			isa = XCBuildConfiguration;
			buildSettings = {
				ALWAYS_SEARCH_USER_PATHS = NO;
				CLANG_ANALYZER_NONNULL = YES;
				CLANG_ANALYZER_NUMBER_OBJECT_CONVERSION = YES_AGGRESSIVE;
				CLANG_CXX_LANGUAGE_STANDARD = "gnu++20";
				CLANG_ENABLE_MODULES = YES;
				CLANG_ENABLE_OBJC_ARC = YES;
				CLANG_ENABLE_OBJC_WEAK = YES;
				CLANG_WARN_BLOCK_CAPTURE_AUTORELEASING = YES;
				CLANG_WARN_BOOL_CONVERSION = YES;
				CLANG_WARN_COMMA = YES;
				CLANG_WARN_CONSTANT_CONVERSION = YES;
				CLANG_WARN_DEPRECATED_OBJC_IMPLEMENTATIONS = YES;
				CLANG_WARN_DIRECT_OBJC_ISA_USAGE = YES_ERROR;
				CLANG_WARN_DOCUMENTATION_COMMENTS = YES;
				CLANG_WARN_EMPTY_BODY = YES;
				CLANG_WARN_ENUM_CONVERSION = YES;
				CLANG_WARN_INFINITE_RECURSION = YES;
				CLANG_WARN_INT_CONVERSION = YES;
				CLANG_WARN_NON_LITERAL_NULL_CONVERSION = YES;
				CLANG_WARN_OBJC_IMPLICIT_RETAIN_SELF = YES;
				CLANG_WARN_OBJC_LITERAL_CONVERSION = YES;
				CLANG_WARN_OBJC_ROOT_CLASS = YES_ERROR;
				CLANG_WARN_QUOTED_INCLUDE_IN_FRAMEWORK_HEADER = YES;
				CLANG_WARN_RANGE_LOOP_ANALYSIS = YES;
				CLANG_WARN_STRICT_PROTOTYPES = YES;
				CLANG_WARN_SUSPICIOUS_MOVE = YES;
				CLANG_WARN_UNGUARDED_AVAILABILITY = YES_AGGRESSIVE;
				CLANG_WARN_UNREACHABLE_CODE = YES;
				CLANG_WARN__DUPLICATE_METHOD_MATCH = YES;
				COPY_PHASE_STRIP = NO;
				DEBUG_INFORMATION_FORMAT = dwarf;
				ENABLE_STRICT_OBJC_MSGSEND = YES;
				ENABLE_TESTABILITY = YES;
				GCC_C_LANGUAGE_STANDARD = gnu11;
				GCC_DYNAMIC_NO_PIC = NO;
				GCC_NO_COMMON_BLOCKS = YES;
				GCC_OPTIMIZATION_LEVEL = 0;
				GCC_PREPROCESSOR_DEFINITIONS = (
					"DEBUG=1",
					"$(inherited)",
				);
				GCC_WARN_64_TO_32_BIT_CONVERSION = YES;
				GCC_WARN_ABOUT_RETURN_TYPE = YES_ERROR;
				GCC_WARN_UNDECLARED_SELECTOR = YES;
				GCC_WARN_UNINITIALIZED_AUTOS = YES_AGGRESSIVE;
				GCC_WARN_UNUSED_FUNCTION = YES;
				GCC_WARN_UNUSED_VARIABLE = YES;
				IPHONEOS_DEPLOYMENT_TARGET = 16.2;
				MTL_ENABLE_DEBUG_INFO = INCLUDE_SOURCE;
				MTL_FAST_MATH = YES;
				ONLY_ACTIVE_ARCH = YES;
				SDKROOT = iphoneos;
				SWIFT_ACTIVE_COMPILATION_CONDITIONS = DEBUG;
				SWIFT_OPTIMIZATION_LEVEL = "-Onone";
			};
			name = Debug;
		};
		59D8CA8B2B68FDE300BF8821 /* Release */ = {
			isa = XCBuildConfiguration;
			buildSettings = {
				ALWAYS_SEARCH_USER_PATHS = NO;
				CLANG_ANALYZER_NONNULL = YES;
				CLANG_ANALYZER_NUMBER_OBJECT_CONVERSION = YES_AGGRESSIVE;
				CLANG_CXX_LANGUAGE_STANDARD = "gnu++20";
				CLANG_ENABLE_MODULES = YES;
				CLANG_ENABLE_OBJC_ARC = YES;
				CLANG_ENABLE_OBJC_WEAK = YES;
				CLANG_WARN_BLOCK_CAPTURE_AUTORELEASING = YES;
				CLANG_WARN_BOOL_CONVERSION = YES;
				CLANG_WARN_COMMA = YES;
				CLANG_WARN_CONSTANT_CONVERSION = YES;
				CLANG_WARN_DEPRECATED_OBJC_IMPLEMENTATIONS = YES;
				CLANG_WARN_DIRECT_OBJC_ISA_USAGE = YES_ERROR;
				CLANG_WARN_DOCUMENTATION_COMMENTS = YES;
				CLANG_WARN_EMPTY_BODY = YES;
				CLANG_WARN_ENUM_CONVERSION = YES;
				CLANG_WARN_INFINITE_RECURSION = YES;
				CLANG_WARN_INT_CONVERSION = YES;
				CLANG_WARN_NON_LITERAL_NULL_CONVERSION = YES;
				CLANG_WARN_OBJC_IMPLICIT_RETAIN_SELF = YES;
				CLANG_WARN_OBJC_LITERAL_CONVERSION = YES;
				CLANG_WARN_OBJC_ROOT_CLASS = YES_ERROR;
				CLANG_WARN_QUOTED_INCLUDE_IN_FRAMEWORK_HEADER = YES;
				CLANG_WARN_RANGE_LOOP_ANALYSIS = YES;
				CLANG_WARN_STRICT_PROTOTYPES = YES;
				CLANG_WARN_SUSPICIOUS_MOVE = YES;
				CLANG_WARN_UNGUARDED_AVAILABILITY = YES_AGGRESSIVE;
				CLANG_WARN_UNREACHABLE_CODE = YES;
				CLANG_WARN__DUPLICATE_METHOD_MATCH = YES;
				COPY_PHASE_STRIP = NO;
				DEBUG_INFORMATION_FORMAT = "dwarf-with-dsym";
				ENABLE_NS_ASSERTIONS = NO;
				ENABLE_STRICT_OBJC_MSGSEND = YES;
				GCC_C_LANGUAGE_STANDARD = gnu11;
				GCC_NO_COMMON_BLOCKS = YES;
				GCC_WARN_64_TO_32_BIT_CONVERSION = YES;
				GCC_WARN_ABOUT_RETURN_TYPE = YES_ERROR;
				GCC_WARN_UNDECLARED_SELECTOR = YES;
				GCC_WARN_UNINITIALIZED_AUTOS = YES_AGGRESSIVE;
				GCC_WARN_UNUSED_FUNCTION = YES;
				GCC_WARN_UNUSED_VARIABLE = YES;
				IPHONEOS_DEPLOYMENT_TARGET = 16.2;
				MTL_ENABLE_DEBUG_INFO = NO;
				MTL_FAST_MATH = YES;
				SDKROOT = iphoneos;
				SWIFT_COMPILATION_MODE = wholemodule;
				SWIFT_OPTIMIZATION_LEVEL = "-O";
				VALIDATE_PRODUCT = YES;
			};
			name = Release;
		};
		59D8CA8D2B68FDE300BF8821 /* Debug */ = {
			isa = XCBuildConfiguration;
			buildSettings = {
				ASSETCATALOG_COMPILER_APPICON_NAME = AppIcon;
				ASSETCATALOG_COMPILER_GLOBAL_ACCENT_COLOR_NAME = AccentColor;
				CODE_SIGN_STYLE = Automatic;
				CURRENT_PROJECT_VERSION = 1;
				DEVELOPMENT_ASSET_PATHS = "\"CryptoCurrencyApp/Preview Content\"";
				DEVELOPMENT_TEAM = 6L4286U5S5;
				ENABLE_PREVIEWS = YES;
				GENERATE_INFOPLIST_FILE = YES;
				INFOPLIST_KEY_UIApplicationSceneManifest_Generation = YES;
				INFOPLIST_KEY_UIApplicationSupportsIndirectInputEvents = YES;
				INFOPLIST_KEY_UILaunchScreen_Generation = YES;
				INFOPLIST_KEY_UISupportedInterfaceOrientations_iPad = "UIInterfaceOrientationPortrait UIInterfaceOrientationPortraitUpsideDown UIInterfaceOrientationLandscapeLeft UIInterfaceOrientationLandscapeRight";
				INFOPLIST_KEY_UISupportedInterfaceOrientations_iPhone = "UIInterfaceOrientationPortrait UIInterfaceOrientationLandscapeLeft UIInterfaceOrientationLandscapeRight";
				LD_RUNPATH_SEARCH_PATHS = (
					"$(inherited)",
					"@executable_path/Frameworks",
				);
				MARKETING_VERSION = 1.0;
				PRODUCT_BUNDLE_IDENTIFIER = com.pinarkalkan.CryptoCurrencyApp;
				PRODUCT_NAME = "$(TARGET_NAME)";
				SWIFT_EMIT_LOC_STRINGS = YES;
				SWIFT_VERSION = 5.0;
				TARGETED_DEVICE_FAMILY = "1,2";
			};
			name = Debug;
		};
		59D8CA8E2B68FDE300BF8821 /* Release */ = {
			isa = XCBuildConfiguration;
			buildSettings = {
				ASSETCATALOG_COMPILER_APPICON_NAME = AppIcon;
				ASSETCATALOG_COMPILER_GLOBAL_ACCENT_COLOR_NAME = AccentColor;
				CODE_SIGN_STYLE = Automatic;
				CURRENT_PROJECT_VERSION = 1;
				DEVELOPMENT_ASSET_PATHS = "\"CryptoCurrencyApp/Preview Content\"";
				DEVELOPMENT_TEAM = 6L4286U5S5;
				ENABLE_PREVIEWS = YES;
				GENERATE_INFOPLIST_FILE = YES;
				INFOPLIST_KEY_UIApplicationSceneManifest_Generation = YES;
				INFOPLIST_KEY_UIApplicationSupportsIndirectInputEvents = YES;
				INFOPLIST_KEY_UILaunchScreen_Generation = YES;
				INFOPLIST_KEY_UISupportedInterfaceOrientations_iPad = "UIInterfaceOrientationPortrait UIInterfaceOrientationPortraitUpsideDown UIInterfaceOrientationLandscapeLeft UIInterfaceOrientationLandscapeRight";
				INFOPLIST_KEY_UISupportedInterfaceOrientations_iPhone = "UIInterfaceOrientationPortrait UIInterfaceOrientationLandscapeLeft UIInterfaceOrientationLandscapeRight";
				LD_RUNPATH_SEARCH_PATHS = (
					"$(inherited)",
					"@executable_path/Frameworks",
				);
				MARKETING_VERSION = 1.0;
				PRODUCT_BUNDLE_IDENTIFIER = com.pinarkalkan.CryptoCurrencyApp;
				PRODUCT_NAME = "$(TARGET_NAME)";
				SWIFT_EMIT_LOC_STRINGS = YES;
				SWIFT_VERSION = 5.0;
				TARGETED_DEVICE_FAMILY = "1,2";
			};
			name = Release;
		};
/* End XCBuildConfiguration section */

/* Begin XCConfigurationList section */
		59D8CA792B68FDE000BF8821 /* Build configuration list for PBXProject "CryptoCurrencyApp" */ = {
			isa = XCConfigurationList;
			buildConfigurations = (
				59D8CA8A2B68FDE300BF8821 /* Debug */,
				59D8CA8B2B68FDE300BF8821 /* Release */,
			);
			defaultConfigurationIsVisible = 0;
			defaultConfigurationName = Release;
		};
		59D8CA8C2B68FDE300BF8821 /* Build configuration list for PBXNativeTarget "CryptoCurrencyApp" */ = {
			isa = XCConfigurationList;
			buildConfigurations = (
				59D8CA8D2B68FDE300BF8821 /* Debug */,
				59D8CA8E2B68FDE300BF8821 /* Release */,
			);
			defaultConfigurationIsVisible = 0;
			defaultConfigurationName = Release;
		};
/* End XCConfigurationList section */

/* Begin XCRemoteSwiftPackageReference section */
		59A3074F2B7253B700FC9E0A /* XCRemoteSwiftPackageReference "Kingfisher" */ = {
			isa = XCRemoteSwiftPackageReference;
			repositoryURL = "https://github.com/onevcat/Kingfisher.git";
			requirement = {
				branch = master;
				kind = branch;
			};
		};
/* End XCRemoteSwiftPackageReference section */

/* Begin XCSwiftPackageProductDependency section */
		59A307502B7253B700FC9E0A /* Kingfisher */ = {
			isa = XCSwiftPackageProductDependency;
			package = 59A3074F2B7253B700FC9E0A /* XCRemoteSwiftPackageReference "Kingfisher" */;
			productName = Kingfisher;
		};
/* End XCSwiftPackageProductDependency section */
	};
	rootObject = 59D8CA762B68FDE000BF8821 /* Project object */;
}
